[root]
name = "ghilbert"
version = "0.1.0"
dependencies = [
 "union-find 0.3.1 (registry+https://github.com/rust-lang/crates.io-index)",
]

[[package]]
name = "union-find"
version = "0.3.1"
source = "registry+https://github.com/rust-lang/crates.io-index"

[metadata]
"checksum union-find 0.3.1 (registry+https://github.com/rust-lang/crates.io-index)" = "0ba0d64ea52cffbcd70bf9522faa2465011b4d182253e70018c46c397334f4b0"
