[root]
name = "ghilbert"
version = "0.1.0"
dependencies = [
 "serde 1.0.11 (registry+https://github.com/rust-lang/crates.io-index)",
 "serde_json 1.0.2 (registry+https://github.com/rust-lang/crates.io-index)",
 "union-find 0.3.1 (registry+https://github.com/rust-lang/crates.io-index)",
]

[[package]]
name = "dtoa"
version = "0.4.2"
source = "registry+https://github.com/rust-lang/crates.io-index"

[[package]]
name = "itoa"
version = "0.3.3"
source = "registry+https://github.com/rust-lang/crates.io-index"

[[package]]
name = "num-traits"
version = "0.1.40"
source = "registry+https://github.com/rust-lang/crates.io-index"

[[package]]
name = "serde"
version = "1.0.11"
source = "registry+https://github.com/rust-lang/crates.io-index"

[[package]]
name = "serde_json"
version = "1.0.2"
source = "registry+https://github.com/rust-lang/crates.io-index"
dependencies = [
 "dtoa 0.4.2 (registry+https://github.com/rust-lang/crates.io-index)",
 "itoa 0.3.3 (registry+https://github.com/rust-lang/crates.io-index)",
 "num-traits 0.1.40 (registry+https://github.com/rust-lang/crates.io-index)",
 "serde 1.0.11 (registry+https://github.com/rust-lang/crates.io-index)",
]

[[package]]
name = "union-find"
version = "0.3.1"
source = "registry+https://github.com/rust-lang/crates.io-index"

[metadata]
"checksum dtoa 0.4.2 (registry+https://github.com/rust-lang/crates.io-index)" = "09c3753c3db574d215cba4ea76018483895d7bff25a31b49ba45db21c48e50ab"
"checksum itoa 0.3.3 (registry+https://github.com/rust-lang/crates.io-index)" = "ac17257442c2ed77dbc9fd555cf83c58b0c7f7d0e8f2ae08c0ac05c72842e1f6"
"checksum num-traits 0.1.40 (registry+https://github.com/rust-lang/crates.io-index)" = "99843c856d68d8b4313b03a17e33c4bb42ae8f6610ea81b28abe076ac721b9b0"
"checksum serde 1.0.11 (registry+https://github.com/rust-lang/crates.io-index)" = "f7726f29ddf9731b17ff113c461e362c381d9d69433f79de4f3dd572488823e9"
"checksum serde_json 1.0.2 (registry+https://github.com/rust-lang/crates.io-index)" = "48b04779552e92037212c3615370f6bd57a40ebba7f20e554ff9f55e41a69a7b"
"checksum union-find 0.3.1 (registry+https://github.com/rust-lang/crates.io-index)" = "0ba0d64ea52cffbcd70bf9522faa2465011b4d182253e70018c46c397334f4b0"
